
Microsoft Visual Studio Solution File, Format Version 12.00
# Visual Studio 14
VisualStudioVersion = 14.0.24720.0
MinimumVisualStudioVersion = 10.0.40219.1
Project("{FAE04EC0-301F-11D3-BF4B-00C04F79EFBC}") = "kata-pokerhands", "kata-pokerhands\kata-pokerhands.csproj", "{3040A186-CDF3-413A-B5CE-BB0A59DB8CEA}"
EndProject
Project("{FAE04EC0-301F-11D3-BF4B-00C04F79EFBC}") = "kata-pokerhands.test", "kata-pokerhands.test\kata-pokerhands.test.csproj", "{04619C5A-0AE7-4E86-B902-F78081CD4B29}"
EndProject
Global
	GlobalSection(SolutionConfigurationPlatforms) = preSolution
		Debug|Any CPU = Debug|Any CPU
		Release|Any CPU = Release|Any CPU
	EndGlobalSection
	GlobalSection(ProjectConfigurationPlatforms) = postSolution
		{3040A186-CDF3-413A-B5CE-BB0A59DB8CEA}.Debug|Any CPU.ActiveCfg = Debug|Any CPU
		{3040A186-CDF3-413A-B5CE-BB0A59DB8CEA}.Debug|Any CPU.Build.0 = Debug|Any CPU
		{3040A186-CDF3-413A-B5CE-BB0A59DB8CEA}.Release|Any CPU.ActiveCfg = Release|Any CPU
		{3040A186-CDF3-413A-B5CE-BB0A59DB8CEA}.Release|Any CPU.Build.0 = Release|Any CPU
		{04619C5A-0AE7-4E86-B902-F78081CD4B29}.Debug|Any CPU.ActiveCfg = Debug|Any CPU
		{04619C5A-0AE7-4E86-B902-F78081CD4B29}.Debug|Any CPU.Build.0 = Debug|Any CPU
		{04619C5A-0AE7-4E86-B902-F78081CD4B29}.Release|Any CPU.ActiveCfg = Release|Any CPU
		{04619C5A-0AE7-4E86-B902-F78081CD4B29}.Release|Any CPU.Build.0 = Release|Any CPU
	EndGlobalSection
	GlobalSection(SolutionProperties) = preSolution
		HideSolutionNode = FALSE
	EndGlobalSection
EndGlobal
